
Microsoft Visual Studio Solution File, Format Version 12.00
# Visual Studio Express 2012 for Windows Desktop
Project("{F184B08F-C81C-45F6-A57F-5ABD9991F28F}") = "WindowsApplication1", "WindowsApplication1\WindowsApplication1.vbproj", "{05AB3847-F391-4946-BE63-FCDC411F5BAC}"
EndProject
Global
	GlobalSection(SolutionConfigurationPlatforms) = preSolution
		Debug|Any CPU = Debug|Any CPU
		Release|Any CPU = Release|Any CPU
	EndGlobalSection
	GlobalSection(ProjectConfigurationPlatforms) = postSolution
		{05AB3847-F391-4946-BE63-FCDC411F5BAC}.Debug|Any CPU.ActiveCfg = Debug|Any CPU
		{05AB3847-F391-4946-BE63-FCDC411F5BAC}.Debug|Any CPU.Build.0 = Debug|Any CPU
		{05AB3847-F391-4946-BE63-FCDC411F5BAC}.Release|Any CPU.ActiveCfg = Release|Any CPU
		{05AB3847-F391-4946-BE63-FCDC411F5BAC}.Release|Any CPU.Build.0 = Release|Any CPU
	EndGlobalSection
	GlobalSection(SolutionProperties) = preSolution
		HideSolutionNode = FALSE
	EndGlobalSection
EndGlobal
